{
  "requires": true,
  "lockfileVersion": 1,
  "dependencies": {
    "next-themes": {
      "version": "0.2.0",
      "resolved": "https://registry.npmjs.org/next-themes/-/next-themes-0.2.0.tgz",
      "integrity": "sha512-myhpDL4vadBD9YDSHiewqvzorGzB03N84e+3LxCwHRlM/hiBOaW+UsKsQojQAzC7fdcJA0l2ppveXcYaVV+hxQ=="
    }
  }
}
